
Microsoft Visual Studio Solution File, Format Version 12.00
# Visual Studio Version 17
VisualStudioVersion = 17.4.33213.308
MinimumVisualStudioVersion = 10.0.40219.1
Project("{FAE04EC0-301F-11D3-BF4B-00C04F79EFBC}") = "CalcShapeArea", "CalcShapeArea\CalcShapeArea.csproj", "{881CC8A4-6BE0-4643-A8CE-4CD3136AFD7E}"
EndProject
Project("{FAE04EC0-301F-11D3-BF4B-00C04F79EFBC}") = "CalcShapeArea.Tests", "UnitTest\CalcShapeArea.Tests.csproj", "{D9B55E56-B3AB-4BCB-BA6B-229E7B63FB41}"
EndProject
Project("{FAE04EC0-301F-11D3-BF4B-00C04F79EFBC}") = "CalcShapeConsoleApp", "CalcShapeConsoleApp\CalcShapeConsoleApp.csproj", "{8A801A72-FB24-46C3-BE9C-8697DEDC6140}"
EndProject
Global
	GlobalSection(SolutionConfigurationPlatforms) = preSolution
		Debug|Any CPU = Debug|Any CPU
		Release|Any CPU = Release|Any CPU
	EndGlobalSection
	GlobalSection(ProjectConfigurationPlatforms) = postSolution
		{881CC8A4-6BE0-4643-A8CE-4CD3136AFD7E}.Debug|Any CPU.ActiveCfg = Debug|Any CPU
		{881CC8A4-6BE0-4643-A8CE-4CD3136AFD7E}.Debug|Any CPU.Build.0 = Debug|Any CPU
		{881CC8A4-6BE0-4643-A8CE-4CD3136AFD7E}.Release|Any CPU.ActiveCfg = Release|Any CPU
		{881CC8A4-6BE0-4643-A8CE-4CD3136AFD7E}.Release|Any CPU.Build.0 = Release|Any CPU
		{D9B55E56-B3AB-4BCB-BA6B-229E7B63FB41}.Debug|Any CPU.ActiveCfg = Debug|Any CPU
		{D9B55E56-B3AB-4BCB-BA6B-229E7B63FB41}.Debug|Any CPU.Build.0 = Debug|Any CPU
		{D9B55E56-B3AB-4BCB-BA6B-229E7B63FB41}.Release|Any CPU.ActiveCfg = Release|Any CPU
		{D9B55E56-B3AB-4BCB-BA6B-229E7B63FB41}.Release|Any CPU.Build.0 = Release|Any CPU
		{8A801A72-FB24-46C3-BE9C-8697DEDC6140}.Debug|Any CPU.ActiveCfg = Debug|Any CPU
		{8A801A72-FB24-46C3-BE9C-8697DEDC6140}.Debug|Any CPU.Build.0 = Debug|Any CPU
		{8A801A72-FB24-46C3-BE9C-8697DEDC6140}.Release|Any CPU.ActiveCfg = Release|Any CPU
		{8A801A72-FB24-46C3-BE9C-8697DEDC6140}.Release|Any CPU.Build.0 = Release|Any CPU
	EndGlobalSection
	GlobalSection(SolutionProperties) = preSolution
		HideSolutionNode = FALSE
	EndGlobalSection
	GlobalSection(ExtensibilityGlobals) = postSolution
		SolutionGuid = {6A5F149B-7EBE-4C9B-877D-D87B02AC5B10}
	EndGlobalSection
EndGlobal
